
Microsoft Visual Studio Solution File, Format Version 12.00
# Visual Studio 15
Project("{FAE04EC0-301F-11D3-BF4B-00C04F79EFBC}") = "SDF", "Assembly-CSharp.csproj", "{044D218E-E776-ED0D-6A02-C227E0CF6DDB}"
EndProject
Project("{FAE04EC0-301F-11D3-BF4B-00C04F79EFBC}") = "SDF", "Assembly-CSharp-Editor.csproj", "{C4DF01CB-48E4-D0E1-D555-A5DCF73EB4CC}"
EndProject
Global
	GlobalSection(SolutionConfigurationPlatforms) = preSolution
		Debug|Any CPU = Debug|Any CPU
		Release|Any CPU = Release|Any CPU
	EndGlobalSection
	GlobalSection(ProjectConfigurationPlatforms) = postSolution
		{044D218E-E776-ED0D-6A02-C227E0CF6DDB}.Debug|Any CPU.ActiveCfg = Debug|Any CPU
		{044D218E-E776-ED0D-6A02-C227E0CF6DDB}.Debug|Any CPU.Build.0 = Debug|Any CPU
		{044D218E-E776-ED0D-6A02-C227E0CF6DDB}.Release|Any CPU.ActiveCfg = Release|Any CPU
		{044D218E-E776-ED0D-6A02-C227E0CF6DDB}.Release|Any CPU.Build.0 = Release|Any CPU
		{C4DF01CB-48E4-D0E1-D555-A5DCF73EB4CC}.Debug|Any CPU.ActiveCfg = Debug|Any CPU
		{C4DF01CB-48E4-D0E1-D555-A5DCF73EB4CC}.Debug|Any CPU.Build.0 = Debug|Any CPU
		{C4DF01CB-48E4-D0E1-D555-A5DCF73EB4CC}.Release|Any CPU.ActiveCfg = Release|Any CPU
		{C4DF01CB-48E4-D0E1-D555-A5DCF73EB4CC}.Release|Any CPU.Build.0 = Release|Any CPU
	EndGlobalSection
	GlobalSection(SolutionProperties) = preSolution
		HideSolutionNode = FALSE
	EndGlobalSection
EndGlobal
